// !$*UTF8*$!
{
	archiveVersion = 1;
	classes = {
	};
	objectVersion = 46;
	objects = {

/* Begin PBXBuildFile section */
		5598A2D8153D9BE800C0860B /* Foundation.framework in Frameworks */ = {isa = PBXBuildFile; fileRef = 5598A2D7153D9BE800C0860B /* Foundation.framework */; };
		5598A2DB153D9BE800C0860B /* main.m in Sources */ = {isa = PBXBuildFile; fileRef = 5598A2DA153D9BE800C0860B /* main.m */; };
		5598A2DF153D9BE800C0860B /* pair.1 in CopyFiles */ = {isa = PBXBuildFile; fileRef = 5598A2DE153D9BE800C0860B /* pair.1 */; };
/* End PBXBuildFile section */

/* Begin PBXCopyFilesBuildPhase section */
		5598A2D1153D9BE800C0860B /* CopyFiles */ = {
			isa = PBXCopyFilesBuildPhase;
			buildActionMask = 2147483647;
			dstPath = /usr/share/man/man1/;
			dstSubfolderSpec = 0;
			files = (
				5598A2DF153D9BE800C0860B /* pair.1 in CopyFiles */,
			);
			runOnlyForDeploymentPostprocessing = 1;
		};
/* End PBXCopyFilesBuildPhase section */

/* Begin PBXFileReference section */
		5598A2D3153D9BE800C0860B /* pair */ = {isa = PBXFileReference; explicitFileType = "compiled.mach-o.executable"; includeInIndex = 0; path = pair; sourceTree = BUILT_PRODUCTS_DIR; };
		5598A2D7153D9BE800C0860B /* Foundation.framework */ = {isa = PBXFileReference; lastKnownFileType = wrapper.framework; name = Foundation.framework; path = System/Library/Frameworks/Foundation.framework; sourceTree = SDKROOT; };
		5598A2DA153D9BE800C0860B /* main.m */ = {isa = PBXFileReference; lastKnownFileType = sourcecode.c.objc; path = main.m; sourceTree = "<group>"; };
		5598A2DD153D9BE800C0860B /* pair-Prefix.pch */ = {isa = PBXFileReference; path = "pair-Prefix.pch"; sourceTree = "<group>"; };
		5598A2DE153D9BE800C0860B /* pair.1 */ = {isa = PBXFileReference; lastKnownFileType = text.man; path = pair.1; sourceTree = "<group>"; };
/* End PBXFileReference section */

/* Begin PBXFrameworksBuildPhase section */
		5598A2D0153D9BE800C0860B /* Frameworks */ = {
			isa = PBXFrameworksBuildPhase;
			buildActionMask = 2147483647;
			files = (
				5598A2D8153D9BE800C0860B /* Foundation.framework in Frameworks */,
			);
			runOnlyForDeploymentPostprocessing = 0;
		};
/* End PBXFrameworksBuildPhase section */

/* Begin PBXGroup section */
		5598A2C8153D9BE800C0860B = {
			isa = PBXGroup;
			children = (
				5598A2D9153D9BE800C0860B /* pair */,
				5598A2D6153D9BE800C0860B /* Frameworks */,
				5598A2D4153D9BE800C0860B /* Products */,
			);
			sourceTree = "<group>";
		};
		5598A2D4153D9BE800C0860B /* Products */ = {
			isa = PBXGroup;
			children = (
				5598A2D3153D9BE800C0860B /* pair */,
			);
			name = Products;
			sourceTree = "<group>";
		};
		5598A2D6153D9BE800C0860B /* Frameworks */ = {
			isa = PBXGroup;
			children = (
				5598A2D7153D9BE800C0860B /* Foundation.framework */,
			);
			name = Frameworks;
			sourceTree = "<group>";
		};
		5598A2D9153D9BE800C0860B /* pair */ = {
			isa = PBXGroup;
			children = (
				5598A2DA153D9BE800C0860B /* main.m */,
				5598A2DE153D9BE800C0860B /* pair.1 */,
				5598A2DC153D9BE800C0860B /* Supporting Files */,
			);
			path = pair;
			sourceTree = "<group>";
		};
		5598A2DC153D9BE800C0860B /* Supporting Files */ = {
			isa = PBXGroup;
			children = (
				5598A2DD153D9BE800C0860B /* pair-Prefix.pch */,
			);
			name = "Supporting Files";
			sourceTree = "<group>";
		};
/* End PBXGroup section */

/* Begin PBXNativeTarget section */
		5598A2D2153D9BE800C0860B /* pair */ = {
			isa = PBXNativeTarget;
			buildConfigurationList = 5598A2E2153D9BE800C0860B /* Build configuration list for PBXNativeTarget "pair" */;
			buildPhases = (
				5598A2CF153D9BE800C0860B /* Sources */,
				5598A2D0153D9BE800C0860B /* Frameworks */,
				5598A2D1153D9BE800C0860B /* CopyFiles */,
			);
			buildRules = (
			);
			dependencies = (
			);
			name = pair;
			productName = pair;
			productReference = 5598A2D3153D9BE800C0860B /* pair */;
			productType = "com.apple.product-type.tool";
		};
/* End PBXNativeTarget section */

/* Begin PBXProject section */
		5598A2CA153D9BE800C0860B /* Project object */ = {
			isa = PBXProject;
			attributes = {
				LastUpgradeCheck = 0420;
				ORGANIZATIONNAME = "Bit Maki, Inc.";
			};
			buildConfigurationList = 5598A2CD153D9BE800C0860B /* Build configuration list for PBXProject "pair" */;
			compatibilityVersion = "Xcode 3.2";
			developmentRegion = English;
			hasScannedForEncodings = 0;
			knownRegions = (
				en,
			);
			mainGroup = 5598A2C8153D9BE800C0860B;
			productRefGroup = 5598A2D4153D9BE800C0860B /* Products */;
			projectDirPath = "";
			projectRoot = "";
			targets = (
				5598A2D2153D9BE800C0860B /* pair */,
			);
		};
/* End PBXProject section */

/* Begin PBXSourcesBuildPhase section */
		5598A2CF153D9BE800C0860B /* Sources */ = {
			isa = PBXSourcesBuildPhase;
			buildActionMask = 2147483647;
			files = (
				5598A2DB153D9BE800C0860B /* main.m in Sources */,
			);
			runOnlyForDeploymentPostprocessing = 0;
		};
/* End PBXSourcesBuildPhase section */

/* Begin XCBuildConfiguration section */
		5598A2E0153D9BE800C0860B /* Debug */ = {
			isa = XCBuildConfiguration;
			buildSettings = {
				ALWAYS_SEARCH_USER_PATHS = NO;
				ARCHS = "$(ARCHS_STANDARD_64_BIT)";
				COPY_PHASE_STRIP = NO;
				GCC_C_LANGUAGE_STANDARD = gnu99;
				GCC_DYNAMIC_NO_PIC = NO;
				GCC_ENABLE_OBJC_EXCEPTIONS = YES;
				GCC_OPTIMIZATION_LEVEL = 0;
				GCC_PREPROCESSOR_DEFINITIONS = (
					"DEBUG=1",
					"$(inherited)",
				);
				GCC_SYMBOLS_PRIVATE_EXTERN = NO;
				GCC_VERSION = com.apple.compilers.llvm.clang.1_0;
				GCC_WARN_64_TO_32_BIT_CONVERSION = YES;
				GCC_WARN_ABOUT_MISSING_PROTOTYPES = YES;
				GCC_WARN_ABOUT_RETURN_TYPE = YES;
				GCC_WARN_UNUSED_VARIABLE = YES;
				MACOSX_DEPLOYMENT_TARGET = 10.7;
				ONLY_ACTIVE_ARCH = YES;
				SDKROOT = macosx;
			};
			name = Debug;
		};
		5598A2E1153D9BE800C0860B /* Release */ = {
			isa = XCBuildConfiguration;
			buildSettings = {
				ALWAYS_SEARCH_USER_PATHS = NO;
				ARCHS = "$(ARCHS_STANDARD_64_BIT)";
				COPY_PHASE_STRIP = YES;
				DEBUG_INFORMATION_FORMAT = "dwarf-with-dsym";
				GCC_C_LANGUAGE_STANDARD = gnu99;
				GCC_ENABLE_OBJC_EXCEPTIONS = YES;
				GCC_VERSION = com.apple.compilers.llvm.clang.1_0;
				GCC_WARN_64_TO_32_BIT_CONVERSION = YES;
				GCC_WARN_ABOUT_MISSING_PROTOTYPES = YES;
				GCC_WARN_ABOUT_RETURN_TYPE = YES;
				GCC_WARN_UNUSED_VARIABLE = YES;
				MACOSX_DEPLOYMENT_TARGET = 10.7;
				SDKROOT = macosx;
			};
			name = Release;
		};
		5598A2E3153D9BE800C0860B /* Debug */ = {
			isa = XCBuildConfiguration;
			buildSettings = {
				GCC_PRECOMPILE_PREFIX_HEADER = YES;
				GCC_PREFIX_HEADER = "pair/pair-Prefix.pch";
				PRODUCT_NAME = "$(TARGET_NAME)";
			};
			name = Debug;
		};
		5598A2E4153D9BE800C0860B /* Release */ = {
			isa = XCBuildConfiguration;
			buildSettings = {
				GCC_PRECOMPILE_PREFIX_HEADER = YES;
				GCC_PREFIX_HEADER = "pair/pair-Prefix.pch";
				PRODUCT_NAME = "$(TARGET_NAME)";
			};
			name = Release;
		};
/* End XCBuildConfiguration section */

/* Begin XCConfigurationList section */
		5598A2CD153D9BE800C0860B /* Build configuration list for PBXProject "pair" */ = {
			isa = XCConfigurationList;
			buildConfigurations = (
				5598A2E0153D9BE800C0860B /* Debug */,
				5598A2E1153D9BE800C0860B /* Release */,
			);
			defaultConfigurationIsVisible = 0;
			defaultConfigurationName = Release;
		};
		5598A2E2153D9BE800C0860B /* Build configuration list for PBXNativeTarget "pair" */ = {
			isa = XCConfigurationList;
			buildConfigurations = (
				5598A2E3153D9BE800C0860B /* Debug */,
				5598A2E4153D9BE800C0860B /* Release */,
			);
			defaultConfigurationIsVisible = 0;
		};
/* End XCConfigurationList section */
	};
	rootObject = 5598A2CA153D9BE800C0860B /* Project object */;
}
